
Microsoft Visual Studio Solution File, Format Version 12.00
# Visual Studio Version 17
VisualStudioVersion = 17.7.34202.233
MinimumVisualStudioVersion = 10.0.40219.1
Project("{FAE04EC0-301F-11D3-BF4B-00C04F79EFBC}") = "Borsan_Alexandra_Lab2", "Borsan_Alexandra_Lab2.csproj", "{E58FCB1F-99A2-4905-8D00-4B1C2CBDA447}"
EndProject
Global
	GlobalSection(SolutionConfigurationPlatforms) = preSolution
		Debug|Any CPU = Debug|Any CPU
		Release|Any CPU = Release|Any CPU
	EndGlobalSection
	GlobalSection(ProjectConfigurationPlatforms) = postSolution
		{E58FCB1F-99A2-4905-8D00-4B1C2CBDA447}.Debug|Any CPU.ActiveCfg = Debug|Any CPU
		{E58FCB1F-99A2-4905-8D00-4B1C2CBDA447}.Debug|Any CPU.Build.0 = Debug|Any CPU
		{E58FCB1F-99A2-4905-8D00-4B1C2CBDA447}.Release|Any CPU.ActiveCfg = Release|Any CPU
		{E58FCB1F-99A2-4905-8D00-4B1C2CBDA447}.Release|Any CPU.Build.0 = Release|Any CPU
	EndGlobalSection
	GlobalSection(SolutionProperties) = preSolution
		HideSolutionNode = FALSE
	EndGlobalSection
	GlobalSection(ExtensibilityGlobals) = postSolution
		SolutionGuid = {2CA263F4-38E9-46B2-A249-AB99044652F1}
	EndGlobalSection
EndGlobal
